
Microsoft Visual Studio Solution File, Format Version 12.00
# Visual Studio Version 16
VisualStudioVersion = 16.0.31025.194
MinimumVisualStudioVersion = 10.0.40219.1
Project("{FAE04EC0-301F-11D3-BF4B-00C04F79EFBC}") = "CtsDemo", "CtsDemo\CtsDemo.csproj", "{1D507FA9-FFCA-4851-9B5A-7B8F3DF2D81D}"
EndProject
Project("{F184B08F-C81C-45F6-A57F-5ABD9991F28F}") = "VisualBasicKirjasto", "VisualBasicKirjasto\VisualBasicKirjasto.vbproj", "{86DA4EF1-5EBC-4CB9-B36C-CDABA947FBF4}"
EndProject
Global
	GlobalSection(SolutionConfigurationPlatforms) = preSolution
		Debug|Any CPU = Debug|Any CPU
		Release|Any CPU = Release|Any CPU
	EndGlobalSection
	GlobalSection(ProjectConfigurationPlatforms) = postSolution
		{1D507FA9-FFCA-4851-9B5A-7B8F3DF2D81D}.Debug|Any CPU.ActiveCfg = Debug|Any CPU
		{1D507FA9-FFCA-4851-9B5A-7B8F3DF2D81D}.Debug|Any CPU.Build.0 = Debug|Any CPU
		{1D507FA9-FFCA-4851-9B5A-7B8F3DF2D81D}.Release|Any CPU.ActiveCfg = Release|Any CPU
		{1D507FA9-FFCA-4851-9B5A-7B8F3DF2D81D}.Release|Any CPU.Build.0 = Release|Any CPU
		{86DA4EF1-5EBC-4CB9-B36C-CDABA947FBF4}.Debug|Any CPU.ActiveCfg = Debug|Any CPU
		{86DA4EF1-5EBC-4CB9-B36C-CDABA947FBF4}.Debug|Any CPU.Build.0 = Debug|Any CPU
		{86DA4EF1-5EBC-4CB9-B36C-CDABA947FBF4}.Release|Any CPU.ActiveCfg = Release|Any CPU
		{86DA4EF1-5EBC-4CB9-B36C-CDABA947FBF4}.Release|Any CPU.Build.0 = Release|Any CPU
	EndGlobalSection
	GlobalSection(SolutionProperties) = preSolution
		HideSolutionNode = FALSE
	EndGlobalSection
	GlobalSection(ExtensibilityGlobals) = postSolution
		SolutionGuid = {86279C16-C16B-4776-B634-CCE53591F83F}
	EndGlobalSection
EndGlobal
