
Microsoft Visual Studio Solution File, Format Version 12.00
# Visual Studio Version 16
VisualStudioVersion = 16.0.31025.194
MinimumVisualStudioVersion = 10.0.40219.1
Project("{FAE04EC0-301F-11D3-BF4B-00C04F79EFBC}") = "TiedostojenLukujenSumma", "TiedostojenLukujenSumma\TiedostojenLukujenSumma.csproj", "{A7A46F45-8C08-4840-93F1-85946EFB1AE4}"
EndProject
Global
	GlobalSection(SolutionConfigurationPlatforms) = preSolution
		Debug|Any CPU = Debug|Any CPU
		Release|Any CPU = Release|Any CPU
	EndGlobalSection
	GlobalSection(ProjectConfigurationPlatforms) = postSolution
		{A7A46F45-8C08-4840-93F1-85946EFB1AE4}.Debug|Any CPU.ActiveCfg = Debug|Any CPU
		{A7A46F45-8C08-4840-93F1-85946EFB1AE4}.Debug|Any CPU.Build.0 = Debug|Any CPU
		{A7A46F45-8C08-4840-93F1-85946EFB1AE4}.Release|Any CPU.ActiveCfg = Release|Any CPU
		{A7A46F45-8C08-4840-93F1-85946EFB1AE4}.Release|Any CPU.Build.0 = Release|Any CPU
	EndGlobalSection
	GlobalSection(SolutionProperties) = preSolution
		HideSolutionNode = FALSE
	EndGlobalSection
	GlobalSection(ExtensibilityGlobals) = postSolution
		SolutionGuid = {A86CD1C6-01E5-42C2-8C6C-78AF6C049ABE}
	EndGlobalSection
EndGlobal
